Microsoft Visual Studio Solution File, Format Version 12.00
# Visual Studio 15
Project("{8BC9CEB8-8B4A-11D0-8D11-00A0C91BC942}") = "ALL_BUILD", "ALL_BUILD.vcxproj", "{A45B8D10-9EB2-3C7C-86DD-DAA94457DD45}"
	ProjectSection(ProjectDependencies) = postProject
		{194F33FB-BDF3-3F90-89B6-7FC774229A72} = {194F33FB-BDF3-3F90-89B6-7FC774229A72}
		{7C2D0830-BBAA-354F-B50A-1844D62910F5} = {7C2D0830-BBAA-354F-B50A-1844D62910F5}
		{B13172CE-64EE-3A1B-9B73-FF4B3DF79D46} = {B13172CE-64EE-3A1B-9B73-FF4B3DF79D46}
		{2930DD6D-1211-3A90-8664-3591A4F1D06E} = {2930DD6D-1211-3A90-8664-3591A4F1D06E}
		{B9BDF920-B580-387A-8F45-1878B6F1CE7F} = {B9BDF920-B580-387A-8F45-1878B6F1CE7F}
	EndProjectSection
EndProject
Project("{8BC9CEB8-8B4A-11D0-8D11-00A0C91BC942}") = "INSTALL", "INSTALL.vcxproj", "{1862B2CE-3CBF-32E6-A570-85631127AD47}"
	ProjectSection(ProjectDependencies) = postProject
		{A45B8D10-9EB2-3C7C-86DD-DAA94457DD45} = {A45B8D10-9EB2-3C7C-86DD-DAA94457DD45}
		{194F33FB-BDF3-3F90-89B6-7FC774229A72} = {194F33FB-BDF3-3F90-89B6-7FC774229A72}
	EndProjectSection
EndProject
Project("{8BC9CEB8-8B4A-11D0-8D11-00A0C91BC942}") = "RUN_TESTS", "RUN_TESTS.vcxproj", "{0C440AD5-5387-3D96-AC25-737155498A63}"
	ProjectSection(ProjectDependencies) = postProject
		{194F33FB-BDF3-3F90-89B6-7FC774229A72} = {194F33FB-BDF3-3F90-89B6-7FC774229A72}
	EndProjectSection
EndProject
Project("{8BC9CEB8-8B4A-11D0-8D11-00A0C91BC942}") = "ZERO_CHECK", "ZERO_CHECK.vcxproj", "{194F33FB-BDF3-3F90-89B6-7FC774229A72}"
	ProjectSection(ProjectDependencies) = postProject
	EndProjectSection
EndProject
Project("{8BC9CEB8-8B4A-11D0-8D11-00A0C91BC942}") = "fl-bin", "fl-bin.vcxproj", "{7C2D0830-BBAA-354F-B50A-1844D62910F5}"
	ProjectSection(ProjectDependencies) = postProject
		{194F33FB-BDF3-3F90-89B6-7FC774229A72} = {194F33FB-BDF3-3F90-89B6-7FC774229A72}
		{B13172CE-64EE-3A1B-9B73-FF4B3DF79D46} = {B13172CE-64EE-3A1B-9B73-FF4B3DF79D46}
	EndProjectSection
EndProject
Project("{8BC9CEB8-8B4A-11D0-8D11-00A0C91BC942}") = "fl-shared", "fl-shared.vcxproj", "{B13172CE-64EE-3A1B-9B73-FF4B3DF79D46}"
	ProjectSection(ProjectDependencies) = postProject
		{194F33FB-BDF3-3F90-89B6-7FC774229A72} = {194F33FB-BDF3-3F90-89B6-7FC774229A72}
	EndProjectSection
EndProject
Project("{8BC9CEB8-8B4A-11D0-8D11-00A0C91BC942}") = "fl-static", "fl-static.vcxproj", "{2930DD6D-1211-3A90-8664-3591A4F1D06E}"
	ProjectSection(ProjectDependencies) = postProject
		{194F33FB-BDF3-3F90-89B6-7FC774229A72} = {194F33FB-BDF3-3F90-89B6-7FC774229A72}
	EndProjectSection
EndProject
Project("{8BC9CEB8-8B4A-11D0-8D11-00A0C91BC942}") = "fl-test", "fl-test.vcxproj", "{B9BDF920-B580-387A-8F45-1878B6F1CE7F}"
	ProjectSection(ProjectDependencies) = postProject
		{194F33FB-BDF3-3F90-89B6-7FC774229A72} = {194F33FB-BDF3-3F90-89B6-7FC774229A72}
		{B13172CE-64EE-3A1B-9B73-FF4B3DF79D46} = {B13172CE-64EE-3A1B-9B73-FF4B3DF79D46}
	EndProjectSection
EndProject
Global
	GlobalSection(SolutionConfigurationPlatforms) = preSolution
		Debug|Win32 = Debug|Win32
		Release|Win32 = Release|Win32
		MinSizeRel|Win32 = MinSizeRel|Win32
		RelWithDebInfo|Win32 = RelWithDebInfo|Win32
	EndGlobalSection
	GlobalSection(ProjectConfigurationPlatforms) = postSolution
		{A45B8D10-9EB2-3C7C-86DD-DAA94457DD45}.Debug|Win32.ActiveCfg = Debug|Win32
		{A45B8D10-9EB2-3C7C-86DD-DAA94457DD45}.Debug|Win32.Build.0 = Debug|Win32
		{A45B8D10-9EB2-3C7C-86DD-DAA94457DD45}.Release|Win32.ActiveCfg = Release|Win32
		{A45B8D10-9EB2-3C7C-86DD-DAA94457DD45}.Release|Win32.Build.0 = Release|Win32
		{A45B8D10-9EB2-3C7C-86DD-DAA94457DD45}.MinSizeRel|Win32.ActiveCfg = MinSizeRel|Win32
		{A45B8D10-9EB2-3C7C-86DD-DAA94457DD45}.MinSizeRel|Win32.Build.0 = MinSizeRel|Win32
		{A45B8D10-9EB2-3C7C-86DD-DAA94457DD45}.RelWithDebInfo|Win32.ActiveCfg = RelWithDebInfo|Win32
		{A45B8D10-9EB2-3C7C-86DD-DAA94457DD45}.RelWithDebInfo|Win32.Build.0 = RelWithDebInfo|Win32
		{1862B2CE-3CBF-32E6-A570-85631127AD47}.Debug|Win32.ActiveCfg = Debug|Win32
		{1862B2CE-3CBF-32E6-A570-85631127AD47}.Release|Win32.ActiveCfg = Release|Win32
		{1862B2CE-3CBF-32E6-A570-85631127AD47}.MinSizeRel|Win32.ActiveCfg = MinSizeRel|Win32
		{1862B2CE-3CBF-32E6-A570-85631127AD47}.RelWithDebInfo|Win32.ActiveCfg = RelWithDebInfo|Win32
		{0C440AD5-5387-3D96-AC25-737155498A63}.Debug|Win32.ActiveCfg = Debug|Win32
		{0C440AD5-5387-3D96-AC25-737155498A63}.Release|Win32.ActiveCfg = Release|Win32
		{0C440AD5-5387-3D96-AC25-737155498A63}.MinSizeRel|Win32.ActiveCfg = MinSizeRel|Win32
		{0C440AD5-5387-3D96-AC25-737155498A63}.RelWithDebInfo|Win32.ActiveCfg = RelWithDebInfo|Win32
		{194F33FB-BDF3-3F90-89B6-7FC774229A72}.Debug|Win32.ActiveCfg = Debug|Win32
		{194F33FB-BDF3-3F90-89B6-7FC774229A72}.Debug|Win32.Build.0 = Debug|Win32
		{194F33FB-BDF3-3F90-89B6-7FC774229A72}.Release|Win32.ActiveCfg = Release|Win32
		{194F33FB-BDF3-3F90-89B6-7FC774229A72}.Release|Win32.Build.0 = Release|Win32
		{194F33FB-BDF3-3F90-89B6-7FC774229A72}.MinSizeRel|Win32.ActiveCfg = MinSizeRel|Win32
		{194F33FB-BDF3-3F90-89B6-7FC774229A72}.MinSizeRel|Win32.Build.0 = MinSizeRel|Win32
		{194F33FB-BDF3-3F90-89B6-7FC774229A72}.RelWithDebInfo|Win32.ActiveCfg = RelWithDebInfo|Win32
		{194F33FB-BDF3-3F90-89B6-7FC774229A72}.RelWithDebInfo|Win32.Build.0 = RelWithDebInfo|Win32
		{7C2D0830-BBAA-354F-B50A-1844D62910F5}.Debug|Win32.ActiveCfg = Debug|Win32
		{7C2D0830-BBAA-354F-B50A-1844D62910F5}.Debug|Win32.Build.0 = Debug|Win32
		{7C2D0830-BBAA-354F-B50A-1844D62910F5}.Release|Win32.ActiveCfg = Release|Win32
		{7C2D0830-BBAA-354F-B50A-1844D62910F5}.Release|Win32.Build.0 = Release|Win32
		{7C2D0830-BBAA-354F-B50A-1844D62910F5}.MinSizeRel|Win32.ActiveCfg = MinSizeRel|Win32
		{7C2D0830-BBAA-354F-B50A-1844D62910F5}.MinSizeRel|Win32.Build.0 = MinSizeRel|Win32
		{7C2D0830-BBAA-354F-B50A-1844D62910F5}.RelWithDebInfo|Win32.ActiveCfg = RelWithDebInfo|Win32
		{7C2D0830-BBAA-354F-B50A-1844D62910F5}.RelWithDebInfo|Win32.Build.0 = RelWithDebInfo|Win32
		{B13172CE-64EE-3A1B-9B73-FF4B3DF79D46}.Debug|Win32.ActiveCfg = Debug|Win32
		{B13172CE-64EE-3A1B-9B73-FF4B3DF79D46}.Debug|Win32.Build.0 = Debug|Win32
		{B13172CE-64EE-3A1B-9B73-FF4B3DF79D46}.Release|Win32.ActiveCfg = Release|Win32
		{B13172CE-64EE-3A1B-9B73-FF4B3DF79D46}.Release|Win32.Build.0 = Release|Win32
		{B13172CE-64EE-3A1B-9B73-FF4B3DF79D46}.MinSizeRel|Win32.ActiveCfg = MinSizeRel|Win32
		{B13172CE-64EE-3A1B-9B73-FF4B3DF79D46}.MinSizeRel|Win32.Build.0 = MinSizeRel|Win32
		{B13172CE-64EE-3A1B-9B73-FF4B3DF79D46}.RelWithDebInfo|Win32.ActiveCfg = RelWithDebInfo|Win32
		{B13172CE-64EE-3A1B-9B73-FF4B3DF79D46}.RelWithDebInfo|Win32.Build.0 = RelWithDebInfo|Win32
		{2930DD6D-1211-3A90-8664-3591A4F1D06E}.Debug|Win32.ActiveCfg = Debug|Win32
		{2930DD6D-1211-3A90-8664-3591A4F1D06E}.Debug|Win32.Build.0 = Debug|Win32
		{2930DD6D-1211-3A90-8664-3591A4F1D06E}.Release|Win32.ActiveCfg = Release|Win32
		{2930DD6D-1211-3A90-8664-3591A4F1D06E}.Release|Win32.Build.0 = Release|Win32
		{2930DD6D-1211-3A90-8664-3591A4F1D06E}.MinSizeRel|Win32.ActiveCfg = MinSizeRel|Win32
		{2930DD6D-1211-3A90-8664-3591A4F1D06E}.MinSizeRel|Win32.Build.0 = MinSizeRel|Win32
		{2930DD6D-1211-3A90-8664-3591A4F1D06E}.RelWithDebInfo|Win32.ActiveCfg = RelWithDebInfo|Win32
		{2930DD6D-1211-3A90-8664-3591A4F1D06E}.RelWithDebInfo|Win32.Build.0 = RelWithDebInfo|Win32
		{B9BDF920-B580-387A-8F45-1878B6F1CE7F}.Debug|Win32.ActiveCfg = Debug|Win32
		{B9BDF920-B580-387A-8F45-1878B6F1CE7F}.Debug|Win32.Build.0 = Debug|Win32
		{B9BDF920-B580-387A-8F45-1878B6F1CE7F}.Release|Win32.ActiveCfg = Release|Win32
		{B9BDF920-B580-387A-8F45-1878B6F1CE7F}.Release|Win32.Build.0 = Release|Win32
		{B9BDF920-B580-387A-8F45-1878B6F1CE7F}.MinSizeRel|Win32.ActiveCfg = MinSizeRel|Win32
		{B9BDF920-B580-387A-8F45-1878B6F1CE7F}.MinSizeRel|Win32.Build.0 = MinSizeRel|Win32
		{B9BDF920-B580-387A-8F45-1878B6F1CE7F}.RelWithDebInfo|Win32.ActiveCfg = RelWithDebInfo|Win32
		{B9BDF920-B580-387A-8F45-1878B6F1CE7F}.RelWithDebInfo|Win32.Build.0 = RelWithDebInfo|Win32
	EndGlobalSection
	GlobalSection(ExtensibilityGlobals) = postSolution
		SolutionGuid = {4348A42B-40CC-30C1-A7CB-35F5767CAFF1}
	EndGlobalSection
	GlobalSection(ExtensibilityAddIns) = postSolution
	EndGlobalSection
EndGlobal
